// !$*UTF8*$!
{
	archiveVersion = 1;
	classes = {
	};
	objectVersion = 46;
	objects = {

/* Begin PBXBuildFile section */
		AC43F25D1FD5C17000423765 /* AppDelegate.swift in Sources */ = {isa = PBXBuildFile; fileRef = AC43F25C1FD5C17000423765 /* AppDelegate.swift */; };
		AC43F2621FD5C17000423765 /* Main.storyboard in Resources */ = {isa = PBXBuildFile; fileRef = AC43F2601FD5C17000423765 /* Main.storyboard */; };
		AC43F2641FD5C17000423765 /* Assets.xcassets in Resources */ = {isa = PBXBuildFile; fileRef = AC43F2631FD5C17000423765 /* Assets.xcassets */; };
		AC43F2671FD5C17000423765 /* LaunchScreen.storyboard in Resources */ = {isa = PBXBuildFile; fileRef = AC43F2651FD5C17000423765 /* LaunchScreen.storyboard */; };
		AC43F26F1FD5C36E00423765 /* M8BViewController.swift in Sources */ = {isa = PBXBuildFile; fileRef = AC43F26E1FD5C36E00423765 /* M8BViewController.swift */; };
		AC43F2711FD5CE4F00423765 /* M8BAnswers.swift in Sources */ = {isa = PBXBuildFile; fileRef = AC43F2701FD5CE4F00423765 /* M8BAnswers.swift */; };
/* End PBXBuildFile section */

/* Begin PBXFileReference section */
		AC43F2591FD5C17000423765 /* Magic8Ball.app */ = {isa = PBXFileReference; explicitFileType = wrapper.application; includeInIndex = 0; path = Magic8Ball.app; sourceTree = BUILT_PRODUCTS_DIR; };
		AC43F25C1FD5C17000423765 /* AppDelegate.swift */ = {isa = PBXFileReference; lastKnownFileType = sourcecode.swift; path = AppDelegate.swift; sourceTree = "<group>"; };
		AC43F2611FD5C17000423765 /* Base */ = {isa = PBXFileReference; lastKnownFileType = file.storyboard; name = Base; path = Base.lproj/Main.storyboard; sourceTree = "<group>"; };
		AC43F2631FD5C17000423765 /* Assets.xcassets */ = {isa = PBXFileReference; lastKnownFileType = folder.assetcatalog; path = Assets.xcassets; sourceTree = "<group>"; };
		AC43F2661FD5C17000423765 /* Base */ = {isa = PBXFileReference; lastKnownFileType = file.storyboard; name = Base; path = Base.lproj/LaunchScreen.storyboard; sourceTree = "<group>"; };
		AC43F2681FD5C17000423765 /* Info.plist */ = {isa = PBXFileReference; lastKnownFileType = text.plist.xml; path = Info.plist; sourceTree = "<group>"; };
		AC43F26E1FD5C36E00423765 /* M8BViewController.swift */ = {isa = PBXFileReference; fileEncoding = 4; lastKnownFileType = sourcecode.swift; path = M8BViewController.swift; sourceTree = "<group>"; };
		AC43F2701FD5CE4F00423765 /* M8BAnswers.swift */ = {isa = PBXFileReference; fileEncoding = 4; lastKnownFileType = sourcecode.swift; path = M8BAnswers.swift; sourceTree = "<group>"; };
/* End PBXFileReference section */

/* Begin PBXFrameworksBuildPhase section */
		AC43F2561FD5C16F00423765 /* Frameworks */ = {
			isa = PBXFrameworksBuildPhase;
			buildActionMask = 2147483647;
			files = (
			);
			runOnlyForDeploymentPostprocessing = 0;
		};
/* End PBXFrameworksBuildPhase section */

/* Begin PBXGroup section */
		AC43F2501FD5C16F00423765 = {
			isa = PBXGroup;
			children = (
				AC43F25B1FD5C17000423765 /* Magic8Ball */,
				AC43F25A1FD5C17000423765 /* Products */,
			);
			sourceTree = "<group>";
		};
		AC43F25A1FD5C17000423765 /* Products */ = {
			isa = PBXGroup;
			children = (
				AC43F2591FD5C17000423765 /* Magic8Ball.app */,
			);
			name = Products;
			sourceTree = "<group>";
		};
		AC43F25B1FD5C17000423765 /* Magic8Ball */ = {
			isa = PBXGroup;
			children = (
				AC43F25C1FD5C17000423765 /* AppDelegate.swift */,
				AC43F2701FD5CE4F00423765 /* M8BAnswers.swift */,
				AC43F26E1FD5C36E00423765 /* M8BViewController.swift */,
				AC43F2601FD5C17000423765 /* Main.storyboard */,
				AC43F2631FD5C17000423765 /* Assets.xcassets */,
				AC43F2651FD5C17000423765 /* LaunchScreen.storyboard */,
				AC43F2681FD5C17000423765 /* Info.plist */,
			);
			path = Magic8Ball;
			sourceTree = "<group>";
		};
/* End PBXGroup section */

/* Begin PBXNativeTarget section */
		AC43F2581FD5C16F00423765 /* Magic8Ball */ = {
			isa = PBXNativeTarget;
			buildConfigurationList = AC43F26B1FD5C17000423765 /* Build configuration list for PBXNativeTarget "Magic8Ball" */;
			buildPhases = (
				AC43F2551FD5C16F00423765 /* Sources */,
				AC43F2561FD5C16F00423765 /* Frameworks */,
				AC43F2571FD5C16F00423765 /* Resources */,
			);
			buildRules = (
			);
			dependencies = (
			);
			name = Magic8Ball;
			productName = Magic8Ball;
			productReference = AC43F2591FD5C17000423765 /* Magic8Ball.app */;
			productType = "com.apple.product-type.application";
		};
/* End PBXNativeTarget section */

/* Begin PBXProject section */
		AC43F2511FD5C16F00423765 /* Project object */ = {
			isa = PBXProject;
			attributes = {
				LastSwiftUpdateCheck = 0810;
				LastUpgradeCheck = 0810;
				ORGANIZATIONNAME = EPITA;
				TargetAttributes = {
					AC43F2581FD5C16F00423765 = {
						CreatedOnToolsVersion = 8.1;
						ProvisioningStyle = Automatic;
					};
				};
			};
			buildConfigurationList = AC43F2541FD5C16F00423765 /* Build configuration list for PBXProject "Magic8Ball" */;
			compatibilityVersion = "Xcode 3.2";
			developmentRegion = English;
			hasScannedForEncodings = 0;
			knownRegions = (
				en,
				Base,
			);
			mainGroup = AC43F2501FD5C16F00423765;
			productRefGroup = AC43F25A1FD5C17000423765 /* Products */;
			projectDirPath = "";
			projectRoot = "";
			targets = (
				AC43F2581FD5C16F00423765 /* Magic8Ball */,
			);
		};
/* End PBXProject section */

/* Begin PBXResourcesBuildPhase section */
		AC43F2571FD5C16F00423765 /* Resources */ = {
			isa = PBXResourcesBuildPhase;
			buildActionMask = 2147483647;
			files = (
				AC43F2671FD5C17000423765 /* LaunchScreen.storyboard in Resources */,
				AC43F2641FD5C17000423765 /* Assets.xcassets in Resources */,
				AC43F2621FD5C17000423765 /* Main.storyboard in Resources */,
			);
			runOnlyForDeploymentPostprocessing = 0;
		};
/* End PBXResourcesBuildPhase section */

/* Begin PBXSourcesBuildPhase section */
		AC43F2551FD5C16F00423765 /* Sources */ = {
			isa = PBXSourcesBuildPhase;
			buildActionMask = 2147483647;
			files = (
				AC43F2711FD5CE4F00423765 /* M8BAnswers.swift in Sources */,
				AC43F26F1FD5C36E00423765 /* M8BViewController.swift in Sources */,
				AC43F25D1FD5C17000423765 /* AppDelegate.swift in Sources */,
			);
			runOnlyForDeploymentPostprocessing = 0;
		};
/* End PBXSourcesBuildPhase section */

/* Begin PBXVariantGroup section */
		AC43F2601FD5C17000423765 /* Main.storyboard */ = {
			isa = PBXVariantGroup;
			children = (
				AC43F2611FD5C17000423765 /* Base */,
			);
			name = Main.storyboard;
			sourceTree = "<group>";
		};
		AC43F2651FD5C17000423765 /* LaunchScreen.storyboard */ = {
			isa = PBXVariantGroup;
			children = (
				AC43F2661FD5C17000423765 /* Base */,
			);
			name = LaunchScreen.storyboard;
			sourceTree = "<group>";
		};
/* End PBXVariantGroup section */

/* Begin XCBuildConfiguration section */
		AC43F2691FD5C17000423765 /* Debug */ = {
			isa = XCBuildConfiguration;
			buildSettings = {
				ALWAYS_SEARCH_USER_PATHS = NO;
				CLANG_ANALYZER_NONNULL = YES;
				CLANG_CXX_LANGUAGE_STANDARD = "gnu++0x";
				CLANG_CXX_LIBRARY = "libc++";
				CLANG_ENABLE_MODULES = YES;
				CLANG_ENABLE_OBJC_ARC = YES;
				CLANG_WARN_BOOL_CONVERSION = YES;
				CLANG_WARN_CONSTANT_CONVERSION = YES;
				CLANG_WARN_DIRECT_OBJC_ISA_USAGE = YES_ERROR;
				CLANG_WARN_DOCUMENTATION_COMMENTS = YES;
				CLANG_WARN_EMPTY_BODY = YES;
				CLANG_WARN_ENUM_CONVERSION = YES;
				CLANG_WARN_INFINITE_RECURSION = YES;
				CLANG_WARN_INT_CONVERSION = YES;
				CLANG_WARN_OBJC_ROOT_CLASS = YES_ERROR;
				CLANG_WARN_SUSPICIOUS_MOVES = YES;
				CLANG_WARN_UNREACHABLE_CODE = YES;
				CLANG_WARN__DUPLICATE_METHOD_MATCH = YES;
				"CODE_SIGN_IDENTITY[sdk=iphoneos*]" = "iPhone Developer";
				COPY_PHASE_STRIP = NO;
				DEBUG_INFORMATION_FORMAT = dwarf;
				ENABLE_STRICT_OBJC_MSGSEND = YES;
				ENABLE_TESTABILITY = YES;
				GCC_C_LANGUAGE_STANDARD = gnu99;
				GCC_DYNAMIC_NO_PIC = NO;
				GCC_NO_COMMON_BLOCKS = YES;
				GCC_OPTIMIZATION_LEVEL = 0;
				GCC_PREPROCESSOR_DEFINITIONS = (
					"DEBUG=1",
					"$(inherited)",
				);
				GCC_WARN_64_TO_32_BIT_CONVERSION = YES;
				GCC_WARN_ABOUT_RETURN_TYPE = YES_ERROR;
				GCC_WARN_UNDECLARED_SELECTOR = YES;
				GCC_WARN_UNINITIALIZED_AUTOS = YES_AGGRESSIVE;
				GCC_WARN_UNUSED_FUNCTION = YES;
				GCC_WARN_UNUSED_VARIABLE = YES;
				IPHONEOS_DEPLOYMENT_TARGET = 10.1;
				MTL_ENABLE_DEBUG_INFO = YES;
				ONLY_ACTIVE_ARCH = YES;
				SDKROOT = iphoneos;
				SWIFT_ACTIVE_COMPILATION_CONDITIONS = DEBUG;
				SWIFT_OPTIMIZATION_LEVEL = "-Onone";
				TARGETED_DEVICE_FAMILY = "1,2";
			};
			name = Debug;
		};
		AC43F26A1FD5C17000423765 /* Release */ = {
			isa = XCBuildConfiguration;
			buildSettings = {
				ALWAYS_SEARCH_USER_PATHS = NO;
				CLANG_ANALYZER_NONNULL = YES;
				CLANG_CXX_LANGUAGE_STANDARD = "gnu++0x";
				CLANG_CXX_LIBRARY = "libc++";
				CLANG_ENABLE_MODULES = YES;
				CLANG_ENABLE_OBJC_ARC = YES;
				CLANG_WARN_BOOL_CONVERSION = YES;
				CLANG_WARN_CONSTANT_CONVERSION = YES;
				CLANG_WARN_DIRECT_OBJC_ISA_USAGE = YES_ERROR;
				CLANG_WARN_DOCUMENTATION_COMMENTS = YES;
				CLANG_WARN_EMPTY_BODY = YES;
				CLANG_WARN_ENUM_CONVERSION = YES;
				CLANG_WARN_INFINITE_RECURSION = YES;
				CLANG_WARN_INT_CONVERSION = YES;
				CLANG_WARN_OBJC_ROOT_CLASS = YES_ERROR;
				CLANG_WARN_SUSPICIOUS_MOVES = YES;
				CLANG_WARN_UNREACHABLE_CODE = YES;
				CLANG_WARN__DUPLICATE_METHOD_MATCH = YES;
				"CODE_SIGN_IDENTITY[sdk=iphoneos*]" = "iPhone Developer";
				COPY_PHASE_STRIP = NO;
				DEBUG_INFORMATION_FORMAT = "dwarf-with-dsym";
				ENABLE_NS_ASSERTIONS = NO;
				ENABLE_STRICT_OBJC_MSGSEND = YES;
				GCC_C_LANGUAGE_STANDARD = gnu99;
				GCC_NO_COMMON_BLOCKS = YES;
				GCC_WARN_64_TO_32_BIT_CONVERSION = YES;
				GCC_WARN_ABOUT_RETURN_TYPE = YES_ERROR;
				GCC_WARN_UNDECLARED_SELECTOR = YES;
				GCC_WARN_UNINITIALIZED_AUTOS = YES_AGGRESSIVE;
				GCC_WARN_UNUSED_FUNCTION = YES;
				GCC_WARN_UNUSED_VARIABLE = YES;
				IPHONEOS_DEPLOYMENT_TARGET = 10.1;
				MTL_ENABLE_DEBUG_INFO = NO;
				SDKROOT = iphoneos;
				SWIFT_OPTIMIZATION_LEVEL = "-Owholemodule";
				TARGETED_DEVICE_FAMILY = "1,2";
				VALIDATE_PRODUCT = YES;
			};
			name = Release;
		};
		AC43F26C1FD5C17000423765 /* Debug */ = {
			isa = XCBuildConfiguration;
			buildSettings = {
				ASSETCATALOG_COMPILER_APPICON_NAME = AppIcon;
				INFOPLIST_FILE = Magic8Ball/Info.plist;
				LD_RUNPATH_SEARCH_PATHS = "$(inherited) @executable_path/Frameworks";
				PRODUCT_BUNDLE_IDENTIFIER = fr.epita.app.Magic8Ball;
				PRODUCT_NAME = "$(TARGET_NAME)";
				SWIFT_VERSION = 3.0;
			};
			name = Debug;
		};
		AC43F26D1FD5C17000423765 /* Release */ = {
			isa = XCBuildConfiguration;
			buildSettings = {
				ASSETCATALOG_COMPILER_APPICON_NAME = AppIcon;
				INFOPLIST_FILE = Magic8Ball/Info.plist;
				LD_RUNPATH_SEARCH_PATHS = "$(inherited) @executable_path/Frameworks";
				PRODUCT_BUNDLE_IDENTIFIER = fr.epita.app.Magic8Ball;
				PRODUCT_NAME = "$(TARGET_NAME)";
				SWIFT_VERSION = 3.0;
			};
			name = Release;
		};
/* End XCBuildConfiguration section */

/* Begin XCConfigurationList section */
		AC43F2541FD5C16F00423765 /* Build configuration list for PBXProject "Magic8Ball" */ = {
			isa = XCConfigurationList;
			buildConfigurations = (
				AC43F2691FD5C17000423765 /* Debug */,
				AC43F26A1FD5C17000423765 /* Release */,
			);
			defaultConfigurationIsVisible = 0;
			defaultConfigurationName = Release;
		};
		AC43F26B1FD5C17000423765 /* Build configuration list for PBXNativeTarget "Magic8Ball" */ = {
			isa = XCConfigurationList;
			buildConfigurations = (
				AC43F26C1FD5C17000423765 /* Debug */,
				AC43F26D1FD5C17000423765 /* Release */,
			);
			defaultConfigurationIsVisible = 0;
		};
/* End XCConfigurationList section */
	};
	rootObject = AC43F2511FD5C16F00423765 /* Project object */;
}
